// !$*UTF8*$!
{
	archiveVersion = 1;
	classes = {
	};
	objectVersion = 46;
	objects = {

/* Begin PBXBuildFile section */
		B083D3921B4B17C700E88AB2 /* WHNetworkController.m in Sources */ = {isa = PBXBuildFile; fileRef = B083D3911B4B17C700E88AB2 /* WHNetworkController.m */; };
		B083D3951B4B218000E88AB2 /* WHLinearCarSelectionFlowController.m in Sources */ = {isa = PBXBuildFile; fileRef = B083D3941B4B218000E88AB2 /* WHLinearCarSelectionFlowController.m */; };
		B083D3981B4B2C4E00E88AB2 /* WHConfirmationViewController.m in Sources */ = {isa = PBXBuildFile; fileRef = B083D3971B4B2C4E00E88AB2 /* WHConfirmationViewController.m */; };
		B083D39B1B4B4EAA00E88AB2 /* WHActivityView.m in Sources */ = {isa = PBXBuildFile; fileRef = B083D39A1B4B4EAA00E88AB2 /* WHActivityView.m */; };
		B0F78FBA1B4B133A00470DBB /* main.m in Sources */ = {isa = PBXBuildFile; fileRef = B0F78FB91B4B133A00470DBB /* main.m */; };
		B0F78FBD1B4B133A00470DBB /* AppDelegate.m in Sources */ = {isa = PBXBuildFile; fileRef = B0F78FBC1B4B133A00470DBB /* AppDelegate.m */; };
		B0F78FC31B4B133A00470DBB /* Main.storyboard in Resources */ = {isa = PBXBuildFile; fileRef = B0F78FC11B4B133A00470DBB /* Main.storyboard */; };
		B0F78FC51B4B133A00470DBB /* Images.xcassets in Resources */ = {isa = PBXBuildFile; fileRef = B0F78FC41B4B133A00470DBB /* Images.xcassets */; };
		B0F78FC81B4B133A00470DBB /* LaunchScreen.xib in Resources */ = {isa = PBXBuildFile; fileRef = B0F78FC61B4B133A00470DBB /* LaunchScreen.xib */; };
		B0F78FE01B4B136900470DBB /* WHFlowController.m in Sources */ = {isa = PBXBuildFile; fileRef = B0F78FDF1B4B136900470DBB /* WHFlowController.m */; };
		B0F78FE31B4B142E00470DBB /* WHSelectionViewController.m in Sources */ = {isa = PBXBuildFile; fileRef = B0F78FE21B4B142E00470DBB /* WHSelectionViewController.m */; };
/* End PBXBuildFile section */

/* Begin PBXFileReference section */
		B083D3901B4B17C700E88AB2 /* WHNetworkController.h */ = {isa = PBXFileReference; fileEncoding = 4; lastKnownFileType = sourcecode.c.h; path = WHNetworkController.h; sourceTree = "<group>"; };
		B083D3911B4B17C700E88AB2 /* WHNetworkController.m */ = {isa = PBXFileReference; fileEncoding = 4; lastKnownFileType = sourcecode.c.objc; path = WHNetworkController.m; sourceTree = "<group>"; };
		B083D3931B4B218000E88AB2 /* WHLinearCarSelectionFlowController.h */ = {isa = PBXFileReference; fileEncoding = 4; lastKnownFileType = sourcecode.c.h; path = WHLinearCarSelectionFlowController.h; sourceTree = "<group>"; };
		B083D3941B4B218000E88AB2 /* WHLinearCarSelectionFlowController.m */ = {isa = PBXFileReference; fileEncoding = 4; lastKnownFileType = sourcecode.c.objc; path = WHLinearCarSelectionFlowController.m; sourceTree = "<group>"; };
		B083D3961B4B2C4E00E88AB2 /* WHConfirmationViewController.h */ = {isa = PBXFileReference; fileEncoding = 4; lastKnownFileType = sourcecode.c.h; path = WHConfirmationViewController.h; sourceTree = "<group>"; };
		B083D3971B4B2C4E00E88AB2 /* WHConfirmationViewController.m */ = {isa = PBXFileReference; fileEncoding = 4; lastKnownFileType = sourcecode.c.objc; path = WHConfirmationViewController.m; sourceTree = "<group>"; };
		B083D3991B4B4EAA00E88AB2 /* WHActivityView.h */ = {isa = PBXFileReference; fileEncoding = 4; lastKnownFileType = sourcecode.c.h; path = WHActivityView.h; sourceTree = "<group>"; };
		B083D39A1B4B4EAA00E88AB2 /* WHActivityView.m */ = {isa = PBXFileReference; fileEncoding = 4; lastKnownFileType = sourcecode.c.objc; path = WHActivityView.m; sourceTree = "<group>"; };
		B0F78FB41B4B133A00470DBB /* FlowControllerDemo.app */ = {isa = PBXFileReference; explicitFileType = wrapper.application; includeInIndex = 0; path = FlowControllerDemo.app; sourceTree = BUILT_PRODUCTS_DIR; };
		B0F78FB81B4B133A00470DBB /* Info.plist */ = {isa = PBXFileReference; lastKnownFileType = text.plist.xml; path = Info.plist; sourceTree = "<group>"; };
		B0F78FB91B4B133A00470DBB /* main.m */ = {isa = PBXFileReference; lastKnownFileType = sourcecode.c.objc; path = main.m; sourceTree = "<group>"; };
		B0F78FBB1B4B133A00470DBB /* AppDelegate.h */ = {isa = PBXFileReference; lastKnownFileType = sourcecode.c.h; path = AppDelegate.h; sourceTree = "<group>"; };
		B0F78FBC1B4B133A00470DBB /* AppDelegate.m */ = {isa = PBXFileReference; lastKnownFileType = sourcecode.c.objc; path = AppDelegate.m; sourceTree = "<group>"; };
		B0F78FC21B4B133A00470DBB /* Base */ = {isa = PBXFileReference; lastKnownFileType = file.storyboard; name = Base; path = Base.lproj/Main.storyboard; sourceTree = "<group>"; };
		B0F78FC41B4B133A00470DBB /* Images.xcassets */ = {isa = PBXFileReference; lastKnownFileType = folder.assetcatalog; path = Images.xcassets; sourceTree = "<group>"; };
		B0F78FC71B4B133A00470DBB /* Base */ = {isa = PBXFileReference; lastKnownFileType = file.xib; name = Base; path = Base.lproj/LaunchScreen.xib; sourceTree = "<group>"; };
		B0F78FDE1B4B136900470DBB /* WHFlowController.h */ = {isa = PBXFileReference; fileEncoding = 4; lastKnownFileType = sourcecode.c.h; path = WHFlowController.h; sourceTree = "<group>"; };
		B0F78FDF1B4B136900470DBB /* WHFlowController.m */ = {isa = PBXFileReference; fileEncoding = 4; lastKnownFileType = sourcecode.c.objc; path = WHFlowController.m; sourceTree = "<group>"; };
		B0F78FE11B4B142E00470DBB /* WHSelectionViewController.h */ = {isa = PBXFileReference; fileEncoding = 4; lastKnownFileType = sourcecode.c.h; path = WHSelectionViewController.h; sourceTree = "<group>"; };
		B0F78FE21B4B142E00470DBB /* WHSelectionViewController.m */ = {isa = PBXFileReference; fileEncoding = 4; lastKnownFileType = sourcecode.c.objc; path = WHSelectionViewController.m; sourceTree = "<group>"; };
/* End PBXFileReference section */

/* Begin PBXFrameworksBuildPhase section */
		B0F78FB11B4B133900470DBB /* Frameworks */ = {
			isa = PBXFrameworksBuildPhase;
			buildActionMask = 2147483647;
			files = (
			);
			runOnlyForDeploymentPostprocessing = 0;
		};
/* End PBXFrameworksBuildPhase section */

/* Begin PBXGroup section */
		B083D38F1B4B17BA00E88AB2 /* Networking */ = {
			isa = PBXGroup;
			children = (
				B083D3901B4B17C700E88AB2 /* WHNetworkController.h */,
				B083D3911B4B17C700E88AB2 /* WHNetworkController.m */,
			);
			path = Networking;
			sourceTree = "<group>";
		};
		B0F78FAB1B4B133900470DBB = {
			isa = PBXGroup;
			children = (
				B0F78FB61B4B133A00470DBB /* FlowController */,
				B0F78FB51B4B133A00470DBB /* Products */,
			);
			sourceTree = "<group>";
		};
		B0F78FB51B4B133A00470DBB /* Products */ = {
			isa = PBXGroup;
			children = (
				B0F78FB41B4B133A00470DBB /* FlowControllerDemo.app */,
			);
			name = Products;
			sourceTree = "<group>";
		};
		B0F78FB61B4B133A00470DBB /* FlowController */ = {
			isa = PBXGroup;
			children = (
				B083D38F1B4B17BA00E88AB2 /* Networking */,
				B0F78FDD1B4B134C00470DBB /* Flow Controllers */,
				B0F78FE11B4B142E00470DBB /* WHSelectionViewController.h */,
				B0F78FE21B4B142E00470DBB /* WHSelectionViewController.m */,
				B083D3961B4B2C4E00E88AB2 /* WHConfirmationViewController.h */,
				B083D3971B4B2C4E00E88AB2 /* WHConfirmationViewController.m */,
				B0F78FBB1B4B133A00470DBB /* AppDelegate.h */,
				B0F78FBC1B4B133A00470DBB /* AppDelegate.m */,
				B0F78FC11B4B133A00470DBB /* Main.storyboard */,
				B0F78FC41B4B133A00470DBB /* Images.xcassets */,
				B0F78FC61B4B133A00470DBB /* LaunchScreen.xib */,
				B0F78FB71B4B133A00470DBB /* Supporting Files */,
				B083D3991B4B4EAA00E88AB2 /* WHActivityView.h */,
				B083D39A1B4B4EAA00E88AB2 /* WHActivityView.m */,
			);
			path = FlowController;
			sourceTree = "<group>";
		};
		B0F78FB71B4B133A00470DBB /* Supporting Files */ = {
			isa = PBXGroup;
			children = (
				B0F78FB81B4B133A00470DBB /* Info.plist */,
				B0F78FB91B4B133A00470DBB /* main.m */,
			);
			name = "Supporting Files";
			sourceTree = "<group>";
		};
		B0F78FDD1B4B134C00470DBB /* Flow Controllers */ = {
			isa = PBXGroup;
			children = (
				B0F78FDE1B4B136900470DBB /* WHFlowController.h */,
				B0F78FDF1B4B136900470DBB /* WHFlowController.m */,
				B083D3931B4B218000E88AB2 /* WHLinearCarSelectionFlowController.h */,
				B083D3941B4B218000E88AB2 /* WHLinearCarSelectionFlowController.m */,
			);
			path = "Flow Controllers";
			sourceTree = "<group>";
		};
/* End PBXGroup section */

/* Begin PBXNativeTarget section */
		B0F78FB31B4B133900470DBB /* FlowControllerDemo */ = {
			isa = PBXNativeTarget;
			buildConfigurationList = B0F78FD71B4B133A00470DBB /* Build configuration list for PBXNativeTarget "FlowControllerDemo" */;
			buildPhases = (
				B0F78FB01B4B133900470DBB /* Sources */,
				B0F78FB11B4B133900470DBB /* Frameworks */,
				B0F78FB21B4B133900470DBB /* Resources */,
			);
			buildRules = (
			);
			dependencies = (
			);
			name = FlowControllerDemo;
			productName = FlowController;
			productReference = B0F78FB41B4B133A00470DBB /* FlowControllerDemo.app */;
			productType = "com.apple.product-type.application";
		};
/* End PBXNativeTarget section */

/* Begin PBXProject section */
		B0F78FAC1B4B133900470DBB /* Project object */ = {
			isa = PBXProject;
			attributes = {
				LastUpgradeCheck = 0640;
				ORGANIZATIONNAME = "Wayne Hartman";
				TargetAttributes = {
					B0F78FB31B4B133900470DBB = {
						CreatedOnToolsVersion = 6.4;
					};
				};
			};
			buildConfigurationList = B0F78FAF1B4B133900470DBB /* Build configuration list for PBXProject "FlowControllerDemo" */;
			compatibilityVersion = "Xcode 3.2";
			developmentRegion = English;
			hasScannedForEncodings = 0;
			knownRegions = (
				en,
				Base,
			);
			mainGroup = B0F78FAB1B4B133900470DBB;
			productRefGroup = B0F78FB51B4B133A00470DBB /* Products */;
			projectDirPath = "";
			projectRoot = "";
			targets = (
				B0F78FB31B4B133900470DBB /* FlowControllerDemo */,
			);
		};
/* End PBXProject section */

/* Begin PBXResourcesBuildPhase section */
		B0F78FB21B4B133900470DBB /* Resources */ = {
			isa = PBXResourcesBuildPhase;
			buildActionMask = 2147483647;
			files = (
				B0F78FC31B4B133A00470DBB /* Main.storyboard in Resources */,
				B0F78FC81B4B133A00470DBB /* LaunchScreen.xib in Resources */,
				B0F78FC51B4B133A00470DBB /* Images.xcassets in Resources */,
			);
			runOnlyForDeploymentPostprocessing = 0;
		};
/* End PBXResourcesBuildPhase section */

/* Begin PBXSourcesBuildPhase section */
		B0F78FB01B4B133900470DBB /* Sources */ = {
			isa = PBXSourcesBuildPhase;
			buildActionMask = 2147483647;
			files = (
				B0F78FE01B4B136900470DBB /* WHFlowController.m in Sources */,
				B083D3921B4B17C700E88AB2 /* WHNetworkController.m in Sources */,
				B083D39B1B4B4EAA00E88AB2 /* WHActivityView.m in Sources */,
				B083D3951B4B218000E88AB2 /* WHLinearCarSelectionFlowController.m in Sources */,
				B0F78FBD1B4B133A00470DBB /* AppDelegate.m in Sources */,
				B0F78FE31B4B142E00470DBB /* WHSelectionViewController.m in Sources */,
				B0F78FBA1B4B133A00470DBB /* main.m in Sources */,
				B083D3981B4B2C4E00E88AB2 /* WHConfirmationViewController.m in Sources */,
			);
			runOnlyForDeploymentPostprocessing = 0;
		};
/* End PBXSourcesBuildPhase section */

/* Begin PBXVariantGroup section */
		B0F78FC11B4B133A00470DBB /* Main.storyboard */ = {
			isa = PBXVariantGroup;
			children = (
				B0F78FC21B4B133A00470DBB /* Base */,
			);
			name = Main.storyboard;
			sourceTree = "<group>";
		};
		B0F78FC61B4B133A00470DBB /* LaunchScreen.xib */ = {
			isa = PBXVariantGroup;
			children = (
				B0F78FC71B4B133A00470DBB /* Base */,
			);
			name = LaunchScreen.xib;
			sourceTree = "<group>";
		};
/* End PBXVariantGroup section */

/* Begin XCBuildConfiguration section */
		B0F78FD51B4B133A00470DBB /* Debug */ = {
			isa = XCBuildConfiguration;
			buildSettings = {
				ALWAYS_SEARCH_USER_PATHS = NO;
				CLANG_CXX_LANGUAGE_STANDARD = "gnu++0x";
				CLANG_CXX_LIBRARY = "libc++";
				CLANG_ENABLE_MODULES = YES;
				CLANG_ENABLE_OBJC_ARC = YES;
				CLANG_WARN_BOOL_CONVERSION = YES;
				CLANG_WARN_CONSTANT_CONVERSION = YES;
				CLANG_WARN_DIRECT_OBJC_ISA_USAGE = YES_ERROR;
				CLANG_WARN_EMPTY_BODY = YES;
				CLANG_WARN_ENUM_CONVERSION = YES;
				CLANG_WARN_INT_CONVERSION = YES;
				CLANG_WARN_OBJC_ROOT_CLASS = YES_ERROR;
				CLANG_WARN_UNREACHABLE_CODE = YES;
				CLANG_WARN__DUPLICATE_METHOD_MATCH = YES;
				"CODE_SIGN_IDENTITY[sdk=iphoneos*]" = "iPhone Developer";
				COPY_PHASE_STRIP = NO;
				DEBUG_INFORMATION_FORMAT = "dwarf-with-dsym";
				ENABLE_STRICT_OBJC_MSGSEND = YES;
				GCC_C_LANGUAGE_STANDARD = gnu99;
				GCC_DYNAMIC_NO_PIC = NO;
				GCC_NO_COMMON_BLOCKS = YES;
				GCC_OPTIMIZATION_LEVEL = 0;
				GCC_PREPROCESSOR_DEFINITIONS = (
					"DEBUG=1",
					"$(inherited)",
				);
				GCC_SYMBOLS_PRIVATE_EXTERN = NO;
				GCC_WARN_64_TO_32_BIT_CONVERSION = YES;
				GCC_WARN_ABOUT_RETURN_TYPE = YES_ERROR;
				GCC_WARN_UNDECLARED_SELECTOR = YES;
				GCC_WARN_UNINITIALIZED_AUTOS = YES_AGGRESSIVE;
				GCC_WARN_UNUSED_FUNCTION = YES;
				GCC_WARN_UNUSED_VARIABLE = YES;
				IPHONEOS_DEPLOYMENT_TARGET = 8.4;
				MTL_ENABLE_DEBUG_INFO = YES;
				ONLY_ACTIVE_ARCH = YES;
				SDKROOT = iphoneos;
				TARGETED_DEVICE_FAMILY = "1,2";
			};
			name = Debug;
		};
		B0F78FD61B4B133A00470DBB /* Release */ = {
			isa = XCBuildConfiguration;
			buildSettings = {
				ALWAYS_SEARCH_USER_PATHS = NO;
				CLANG_CXX_LANGUAGE_STANDARD = "gnu++0x";
				CLANG_CXX_LIBRARY = "libc++";
				CLANG_ENABLE_MODULES = YES;
				CLANG_ENABLE_OBJC_ARC = YES;
				CLANG_WARN_BOOL_CONVERSION = YES;
				CLANG_WARN_CONSTANT_CONVERSION = YES;
				CLANG_WARN_DIRECT_OBJC_ISA_USAGE = YES_ERROR;
				CLANG_WARN_EMPTY_BODY = YES;
				CLANG_WARN_ENUM_CONVERSION = YES;
				CLANG_WARN_INT_CONVERSION = YES;
				CLANG_WARN_OBJC_ROOT_CLASS = YES_ERROR;
				CLANG_WARN_UNREACHABLE_CODE = YES;
				CLANG_WARN__DUPLICATE_METHOD_MATCH = YES;
				"CODE_SIGN_IDENTITY[sdk=iphoneos*]" = "iPhone Developer";
				COPY_PHASE_STRIP = NO;
				DEBUG_INFORMATION_FORMAT = "dwarf-with-dsym";
				ENABLE_NS_ASSERTIONS = NO;
				ENABLE_STRICT_OBJC_MSGSEND = YES;
				GCC_C_LANGUAGE_STANDARD = gnu99;
				GCC_NO_COMMON_BLOCKS = YES;
				GCC_WARN_64_TO_32_BIT_CONVERSION = YES;
				GCC_WARN_ABOUT_RETURN_TYPE = YES_ERROR;
				GCC_WARN_UNDECLARED_SELECTOR = YES;
				GCC_WARN_UNINITIALIZED_AUTOS = YES_AGGRESSIVE;
				GCC_WARN_UNUSED_FUNCTION = YES;
				GCC_WARN_UNUSED_VARIABLE = YES;
				IPHONEOS_DEPLOYMENT_TARGET = 8.4;
				MTL_ENABLE_DEBUG_INFO = NO;
				SDKROOT = iphoneos;
				TARGETED_DEVICE_FAMILY = "1,2";
				VALIDATE_PRODUCT = YES;
			};
			name = Release;
		};
		B0F78FD81B4B133A00470DBB /* Debug */ = {
			isa = XCBuildConfiguration;
			buildSettings = {
				ASSETCATALOG_COMPILER_APPICON_NAME = AppIcon;
				INFOPLIST_FILE = FlowController/Info.plist;
				LD_RUNPATH_SEARCH_PATHS = "$(inherited) @executable_path/Frameworks";
				PRODUCT_NAME = FlowControllerDemo;
			};
			name = Debug;
		};
		B0F78FD91B4B133A00470DBB /* Release */ = {
			isa = XCBuildConfiguration;
			buildSettings = {
				ASSETCATALOG_COMPILER_APPICON_NAME = AppIcon;
				INFOPLIST_FILE = FlowController/Info.plist;
				LD_RUNPATH_SEARCH_PATHS = "$(inherited) @executable_path/Frameworks";
				PRODUCT_NAME = FlowControllerDemo;
			};
			name = Release;
		};
/* End XCBuildConfiguration section */

/* Begin XCConfigurationList section */
		B0F78FAF1B4B133900470DBB /* Build configuration list for PBXProject "FlowControllerDemo" */ = {
			isa = XCConfigurationList;
			buildConfigurations = (
				B0F78FD51B4B133A00470DBB /* Debug */,
				B0F78FD61B4B133A00470DBB /* Release */,
			);
			defaultConfigurationIsVisible = 0;
			defaultConfigurationName = Release;
		};
		B0F78FD71B4B133A00470DBB /* Build configuration list for PBXNativeTarget "FlowControllerDemo" */ = {
			isa = XCConfigurationList;
			buildConfigurations = (
				B0F78FD81B4B133A00470DBB /* Debug */,
				B0F78FD91B4B133A00470DBB /* Release */,
			);
			defaultConfigurationIsVisible = 0;
			defaultConfigurationName = Release;
		};
/* End XCConfigurationList section */
	};
	rootObject = B0F78FAC1B4B133900470DBB /* Project object */;
}
